
Microsoft Visual Studio Solution File, Format Version 12.00
# Visual Studio Version 17
VisualStudioVersion = 17.10.35013.160
MinimumVisualStudioVersion = 10.0.40219.1
Project("{9A19103F-16F7-4668-BE54-9A1E7A4F7556}") = "SampleCertCall", "SampleCertCall.csproj", "{1C91774C-BD2D-49F6-9F4A-61CD98C028D7}"
EndProject
Global
	GlobalSection(SolutionConfigurationPlatforms) = preSolution
		Debug|Any CPU = Debug|Any CPU
		Release|Any CPU = Release|Any CPU
	EndGlobalSection
	GlobalSection(ProjectConfigurationPlatforms) = postSolution
		{1C91774C-BD2D-49F6-9F4A-61CD98C028D7}.Debug|Any CPU.ActiveCfg = Debug|Any CPU
		{1C91774C-BD2D-49F6-9F4A-61CD98C028D7}.Debug|Any CPU.Build.0 = Debug|Any CPU
		{1C91774C-BD2D-49F6-9F4A-61CD98C028D7}.Release|Any CPU.ActiveCfg = Release|Any CPU
		{1C91774C-BD2D-49F6-9F4A-61CD98C028D7}.Release|Any CPU.Build.0 = Release|Any CPU
	EndGlobalSection
	GlobalSection(SolutionProperties) = preSolution
		HideSolutionNode = FALSE
	EndGlobalSection
	GlobalSection(ExtensibilityGlobals) = postSolution
		SolutionGuid = {78803EA5-2034-416F-B503-6EE823A255F8}
	EndGlobalSection
EndGlobal
